
Microsoft Visual Studio Solution File, Format Version 12.00
# Visual Studio Version 16
VisualStudioVersion = 16.0.30611.23
MinimumVisualStudioVersion = 10.0.40219.1
Project("{FAE04EC0-301F-11D3-BF4B-00C04F79EFBC}") = "RecursiveFactorial", "RecursiveFactorial\RecursiveFactorial.csproj", "{1EC45F08-07DC-4C8C-82C2-81A1BF86F8FE}"
EndProject
Global
	GlobalSection(SolutionConfigurationPlatforms) = preSolution
		Debug|Any CPU = Debug|Any CPU
		Release|Any CPU = Release|Any CPU
	EndGlobalSection
	GlobalSection(ProjectConfigurationPlatforms) = postSolution
		{1EC45F08-07DC-4C8C-82C2-81A1BF86F8FE}.Debug|Any CPU.ActiveCfg = Debug|Any CPU
		{1EC45F08-07DC-4C8C-82C2-81A1BF86F8FE}.Debug|Any CPU.Build.0 = Debug|Any CPU
		{1EC45F08-07DC-4C8C-82C2-81A1BF86F8FE}.Release|Any CPU.ActiveCfg = Release|Any CPU
		{1EC45F08-07DC-4C8C-82C2-81A1BF86F8FE}.Release|Any CPU.Build.0 = Release|Any CPU
	EndGlobalSection
	GlobalSection(SolutionProperties) = preSolution
		HideSolutionNode = FALSE
	EndGlobalSection
	GlobalSection(ExtensibilityGlobals) = postSolution
		SolutionGuid = {36C8394F-932B-4B42-B0F6-1B1DA14032CB}
	EndGlobalSection
EndGlobal
